
Microsoft Visual Studio Solution File, Format Version 12.00
# Visual Studio Version 17
VisualStudioVersion = 17.10.35027.167
MinimumVisualStudioVersion = 10.0.40219.1
Project("{9A19103F-16F7-4668-BE54-9A1E7A4F7556}") = "RabbitMqSender", "RabbitMqSender\RabbitMqSender.csproj", "{448FB8EA-C042-45CF-97DB-C5798C7BAA00}"
EndProject
Project("{9A19103F-16F7-4668-BE54-9A1E7A4F7556}") = "RabbitMqReceiver01", "RabbitMqReceiver01\RabbitMqReceiver01.csproj", "{5E3379C6-44E2-49D1-9630-8AF00E0F60D3}"
EndProject
Project("{9A19103F-16F7-4668-BE54-9A1E7A4F7556}") = "RabbitMqReceiver02", "RabbitMqReceiver02\RabbitMqReceiver02.csproj", "{33B29B79-0DBB-40CD-A544-FD7D0E81FE73}"
EndProject
Project("{9A19103F-16F7-4668-BE54-9A1E7A4F7556}") = "RabbitMqTopicPublisher", "RabbitMqTopicPublisher\RabbitMqTopicPublisher.csproj", "{2850A0CA-C145-4E18-A9FC-316258C778C4}"
EndProject
Project("{9A19103F-16F7-4668-BE54-9A1E7A4F7556}") = "RabbitMqTopicSubscriber01", "RabbitMqTopicSubscriber01\RabbitMqTopicSubscriber01.csproj", "{6883740D-996F-4FAD-BF2A-8E86C54F9DC1}"
EndProject
Project("{9A19103F-16F7-4668-BE54-9A1E7A4F7556}") = "RabbitMqTopicSubscriber02", "RabbitMqTopicSubscriber02\RabbitMqTopicSubscriber02.csproj", "{70725D82-DEF2-4A60-81FD-C32916ED6848}"
EndProject
Project("{2150E333-8FDC-42A3-9474-1A3956D46DE8}") = "Docker", "Docker", "{4D4F3B76-DFFA-44CA-AC4A-955BD27C49B5}"
	ProjectSection(SolutionItems) = preProject
		RabbitMqSender\docker-compose.env = RabbitMqSender\docker-compose.env
		RabbitMqSender\docker-compose.yaml = RabbitMqSender\docker-compose.yaml
	EndProjectSection
EndProject
Global
	GlobalSection(SolutionConfigurationPlatforms) = preSolution
		Debug|Any CPU = Debug|Any CPU
		Release|Any CPU = Release|Any CPU
	EndGlobalSection
	GlobalSection(ProjectConfigurationPlatforms) = postSolution
		{448FB8EA-C042-45CF-97DB-C5798C7BAA00}.Debug|Any CPU.ActiveCfg = Debug|Any CPU
		{448FB8EA-C042-45CF-97DB-C5798C7BAA00}.Debug|Any CPU.Build.0 = Debug|Any CPU
		{448FB8EA-C042-45CF-97DB-C5798C7BAA00}.Release|Any CPU.ActiveCfg = Release|Any CPU
		{448FB8EA-C042-45CF-97DB-C5798C7BAA00}.Release|Any CPU.Build.0 = Release|Any CPU
		{5E3379C6-44E2-49D1-9630-8AF00E0F60D3}.Debug|Any CPU.ActiveCfg = Debug|Any CPU
		{5E3379C6-44E2-49D1-9630-8AF00E0F60D3}.Debug|Any CPU.Build.0 = Debug|Any CPU
		{5E3379C6-44E2-49D1-9630-8AF00E0F60D3}.Release|Any CPU.ActiveCfg = Release|Any CPU
		{5E3379C6-44E2-49D1-9630-8AF00E0F60D3}.Release|Any CPU.Build.0 = Release|Any CPU
		{33B29B79-0DBB-40CD-A544-FD7D0E81FE73}.Debug|Any CPU.ActiveCfg = Debug|Any CPU
		{33B29B79-0DBB-40CD-A544-FD7D0E81FE73}.Debug|Any CPU.Build.0 = Debug|Any CPU
		{33B29B79-0DBB-40CD-A544-FD7D0E81FE73}.Release|Any CPU.ActiveCfg = Release|Any CPU
		{33B29B79-0DBB-40CD-A544-FD7D0E81FE73}.Release|Any CPU.Build.0 = Release|Any CPU
		{2850A0CA-C145-4E18-A9FC-316258C778C4}.Debug|Any CPU.ActiveCfg = Debug|Any CPU
		{2850A0CA-C145-4E18-A9FC-316258C778C4}.Debug|Any CPU.Build.0 = Debug|Any CPU
		{2850A0CA-C145-4E18-A9FC-316258C778C4}.Release|Any CPU.ActiveCfg = Release|Any CPU
		{2850A0CA-C145-4E18-A9FC-316258C778C4}.Release|Any CPU.Build.0 = Release|Any CPU
		{6883740D-996F-4FAD-BF2A-8E86C54F9DC1}.Debug|Any CPU.ActiveCfg = Debug|Any CPU
		{6883740D-996F-4FAD-BF2A-8E86C54F9DC1}.Debug|Any CPU.Build.0 = Debug|Any CPU
		{6883740D-996F-4FAD-BF2A-8E86C54F9DC1}.Release|Any CPU.ActiveCfg = Release|Any CPU
		{6883740D-996F-4FAD-BF2A-8E86C54F9DC1}.Release|Any CPU.Build.0 = Release|Any CPU
		{70725D82-DEF2-4A60-81FD-C32916ED6848}.Debug|Any CPU.ActiveCfg = Debug|Any CPU
		{70725D82-DEF2-4A60-81FD-C32916ED6848}.Debug|Any CPU.Build.0 = Debug|Any CPU
		{70725D82-DEF2-4A60-81FD-C32916ED6848}.Release|Any CPU.ActiveCfg = Release|Any CPU
		{70725D82-DEF2-4A60-81FD-C32916ED6848}.Release|Any CPU.Build.0 = Release|Any CPU
	EndGlobalSection
	GlobalSection(SolutionProperties) = preSolution
		HideSolutionNode = FALSE
	EndGlobalSection
	GlobalSection(ExtensibilityGlobals) = postSolution
		SolutionGuid = {8F66F140-DD90-4B94-9EDC-2DC93833DFB5}
	EndGlobalSection
EndGlobal
